{
  "lockfileVersion": 1,
  "workspaces": {
    "": {
      "name": "dozen",
      "dependencies": {
        "@fastify/deepmerge": "^3.1.0",
        "@standard-schema/spec": "^1.0.0",
        "chokidar": "^4.0.3",
        "json5": "^2.2.3",
        "text-case": "^1.0.9",
      },
      "devDependencies": {
        "@biomejs/biome": "^1.9.4",
        "@types/bun": "^1.2.8",
        "@types/node": "^22.13.10",
        "typescript": "^5.8.2",
      },
    },
  },
  "packages": {
    "@biomejs/biome": ["@biomejs/biome@1.9.4", "", { "optionalDependencies": { "@biomejs/cli-darwin-arm64": "1.9.4", "@biomejs/cli-darwin-x64": "1.9.4", "@biomejs/cli-linux-arm64": "1.9.4", "@biomejs/cli-linux-arm64-musl": "1.9.4", "@biomejs/cli-linux-x64": "1.9.4", "@biomejs/cli-linux-x64-musl": "1.9.4", "@biomejs/cli-win32-arm64": "1.9.4", "@biomejs/cli-win32-x64": "1.9.4" }, "bin": { "biome": "bin/biome" } }, "sha512-1rkd7G70+o9KkTn5KLmDYXihGoTaIGO9PIIN2ZB7UJxFrWw04CZHPYiMRjYsaDvVV7hP1dYNRLxSANLaBFGpog=="],

    "@biomejs/cli-darwin-arm64": ["@biomejs/cli-darwin-arm64@1.9.4", "", { "os": "darwin", "cpu": "arm64" }, "sha512-bFBsPWrNvkdKrNCYeAp+xo2HecOGPAy9WyNyB/jKnnedgzl4W4Hb9ZMzYNbf8dMCGmUdSavlYHiR01QaYR58cw=="],

    "@biomejs/cli-darwin-x64": ["@biomejs/cli-darwin-x64@1.9.4", "", { "os": "darwin", "cpu": "x64" }, "sha512-ngYBh/+bEedqkSevPVhLP4QfVPCpb+4BBe2p7Xs32dBgs7rh9nY2AIYUL6BgLw1JVXV8GlpKmb/hNiuIxfPfZg=="],

    "@biomejs/cli-linux-arm64": ["@biomejs/cli-linux-arm64@1.9.4", "", { "os": "linux", "cpu": "arm64" }, "sha512-fJIW0+LYujdjUgJJuwesP4EjIBl/N/TcOX3IvIHJQNsAqvV2CHIogsmA94BPG6jZATS4Hi+xv4SkBBQSt1N4/g=="],

    "@biomejs/cli-linux-arm64-musl": ["@biomejs/cli-linux-arm64-musl@1.9.4", "", { "os": "linux", "cpu": "arm64" }, "sha512-v665Ct9WCRjGa8+kTr0CzApU0+XXtRgwmzIf1SeKSGAv+2scAlW6JR5PMFo6FzqqZ64Po79cKODKf3/AAmECqA=="],

    "@biomejs/cli-linux-x64": ["@biomejs/cli-linux-x64@1.9.4", "", { "os": "linux", "cpu": "x64" }, "sha512-lRCJv/Vi3Vlwmbd6K+oQ0KhLHMAysN8lXoCI7XeHlxaajk06u7G+UsFSO01NAs5iYuWKmVZjmiOzJ0OJmGsMwg=="],

    "@biomejs/cli-linux-x64-musl": ["@biomejs/cli-linux-x64-musl@1.9.4", "", { "os": "linux", "cpu": "x64" }, "sha512-gEhi/jSBhZ2m6wjV530Yy8+fNqG8PAinM3oV7CyO+6c3CEh16Eizm21uHVsyVBEB6RIM8JHIl6AGYCv6Q6Q9Tg=="],

    "@biomejs/cli-win32-arm64": ["@biomejs/cli-win32-arm64@1.9.4", "", { "os": "win32", "cpu": "arm64" }, "sha512-tlbhLk+WXZmgwoIKwHIHEBZUwxml7bRJgk0X2sPyNR3S93cdRq6XulAZRQJ17FYGGzWne0fgrXBKpl7l4M87Hg=="],

    "@biomejs/cli-win32-x64": ["@biomejs/cli-win32-x64@1.9.4", "", { "os": "win32", "cpu": "x64" }, "sha512-8Y5wMhVIPaWe6jw2H+KlEm4wP/f7EW3810ZLmDlrEEy5KvBsb9ECEfu/kMWD484ijfQ8+nIi0giMgu9g1UAuuA=="],

    "@fastify/deepmerge": ["@fastify/deepmerge@3.1.0", "", {}, "sha512-lCVONBQINyNhM6LLezB6+2afusgEYR4G8xenMsfe+AT+iZ7Ca6upM5Ha8UkZuYSnuMw3GWl/BiPXnLMi/gSxuQ=="],

    "@standard-schema/spec": ["@standard-schema/spec@1.0.0", "", {}, "sha512-m2bOd0f2RT9k8QJx1JN85cZYyH1RqFBdlwtkSlf4tBDYLCiiZnv1fIIwacK6cqwXavOydf0NPToMQgpKq+dVlA=="],

    "@types/bun": ["@types/bun@1.2.8", "", { "dependencies": { "bun-types": "1.2.7" } }, "sha512-t8L1RvJVUghW5V+M/fL3Thbxcs0HwNsXsnTEBEfEVqGteiJToOlZ/fyOEaR1kZsNqnu+3XA4RI/qmnX4w6+S+w=="],

    "@types/node": ["@types/node@22.13.10", "", { "dependencies": { "undici-types": "~6.20.0" } }, "sha512-I6LPUvlRH+O6VRUqYOcMudhaIdUVWfsjnZavnsraHvpBwaEyMN29ry+0UVJhImYL16xsscu0aske3yA+uPOWfw=="],

    "@types/ws": ["@types/ws@8.18.1", "", { "dependencies": { "@types/node": "*" } }, "sha512-ThVF6DCVhA8kUGy+aazFQ4kXQ7E1Ty7A3ypFOe0IcJV8O/M511G99AW24irKrW56Wt44yG9+ij8FaqoBGkuBXg=="],

    "bun-types": ["bun-types@1.2.7", "", { "dependencies": { "@types/node": "*", "@types/ws": "*" } }, "sha512-P4hHhk7kjF99acXqKvltyuMQ2kf/rzIw3ylEDpCxDS9Xa0X0Yp/gJu/vDCucmWpiur5qJ0lwB2bWzOXa2GlHqA=="],

    "chokidar": ["chokidar@4.0.3", "", { "dependencies": { "readdirp": "^4.0.1" } }, "sha512-Qgzu8kfBvo+cA4962jnP1KkS6Dop5NS6g7R5LFYJr4b8Ub94PPQXUksCw9PvXoeXPRRddRNC5C1JQUR2SMGtnA=="],

    "json5": ["json5@2.2.3", "", { "bin": { "json5": "lib/cli.js" } }, "sha512-XmOWe7eyHYH14cLdVPoyg+GOH3rYX++KpzrylJwSW98t3Nk+U8XOl8FWKOgwtzdb8lXGf6zYwDUzeHMWfxasyg=="],

    "readdirp": ["readdirp@4.1.2", "", {}, "sha512-GDhwkLfywWL2s6vEjyhri+eXmfH6j1L7JE27WhqLeYzoh/A3DBaYGEj2H/HFZCn/kMfim73FXxEJTw06WtxQwg=="],

    "text-camel-case": ["text-camel-case@1.0.2", "", { "dependencies": { "text-pascal-case": "^1.0.3" } }, "sha512-s1LRJevKMtwo2iV80ZXuGHVJsK8wCojivh0TyiX6DnvMoxBubCuBXx+YE47E4J0JMvLfqrpV+8SP/tEAoZ0/ZA=="],

    "text-capital-case": ["text-capital-case@1.0.2", "", { "dependencies": { "text-no-case": "^1.0.2", "text-upper-case-first": "^1.0.2" } }, "sha512-2WhSzwB8TjsaXix85xv2tdViUwBui8LMrIyi+pZrJTXAHKv1Cn9wN/b+uOZnwG4Yn32yiTBt/bZGdKNsHgm+bQ=="],

    "text-case": ["text-case@1.0.9", "", { "dependencies": { "text-camel-case": "^1.0.2", "text-capital-case": "^1.0.2", "text-constant-case": "^1.0.2", "text-dot-case": "^1.0.2", "text-header-case": "^1.0.2", "text-is-lower-case": "^1.0.2", "text-is-upper-case": "^1.0.2", "text-lower-case": "^1.0.4", "text-lower-case-first": "^1.0.2", "text-no-case": "^1.0.2", "text-param-case": "^1.0.2", "text-pascal-case": "^1.0.3", "text-path-case": "^1.0.2", "text-sentence-case": "^1.0.2", "text-snake-case": "^1.0.2", "text-swap-case": "^1.0.2", "text-title-case": "^1.0.2", "text-upper-case": "^1.0.2", "text-upper-case-first": "^1.0.2" } }, "sha512-WFYXrWPsMac/GfnQ9P9X6XhESQiyKKfNlhlxzXe2mSGKxwFe5ThqXA89JVZ1ZzcBWmJ6TFDa8iM6Vw54OqjiWQ=="],

    "text-constant-case": ["text-constant-case@1.0.2", "", { "dependencies": { "text-no-case": "^1.0.2", "text-upper-case": "^1.0.2" } }, "sha512-vfUdPIEADAqllvhZe2tb/lxO9mG1fEjAcGj7iipcQNg9rqc5G38HN+FHyKzmm3dId+fO+H+8CaVvFwzxq3UAQg=="],

    "text-dot-case": ["text-dot-case@1.0.2", "", { "dependencies": { "text-no-case": "^1.0.2" } }, "sha512-J361Ss+ib3AmN+Q664q+H791OIJnnUvVXVNpZypWjp58b0z2moz31PCz4RLxSftyMDb+3jYRU06skDEQBIWyiQ=="],

    "text-header-case": ["text-header-case@1.0.2", "", { "dependencies": { "text-capital-case": "^1.0.2" } }, "sha512-gl3AOpc19D9nFtgQoMpVXToF19/ssuYk80Hj3n7WAZInx9xr/C8DkfjUzj/u7xTSVXyN6CNiodhrb8z2mZCKfw=="],

    "text-is-lower-case": ["text-is-lower-case@1.0.2", "", {}, "sha512-vVJ2egidKYFGzZBoh+LIpIptdVn8gxk0iv9ZH9ufoBdlirIE/OtJSYLheubX0Q4hSyWd71sEXib40Vxq+WIn+A=="],

    "text-is-upper-case": ["text-is-upper-case@1.0.2", "", {}, "sha512-mv0GH/4c0CpA8/wXyP2DWV98btTSkh0Hh96xtM/rK1D9FLcb4yy0OnZFfatTXuEMUJlxyXdM/Tt89PjWHLDafg=="],

    "text-lower-case": ["text-lower-case@1.0.4", "", {}, "sha512-+JugqznmIplbHfUt7YaaQyXbNlG9smzQkFm2W/LWXhM6RtiwAeaXKHNfabd4OQ3hLA17n+Kv7vpjWlyw95Lmow=="],

    "text-lower-case-first": ["text-lower-case-first@1.0.2", "", {}, "sha512-BoCe3/y6ALSPyt4gh38HDY61twGr28IhjtHjxtaP6IfNb2U0vLnx2EB9pgGdvWC8N/gx3RX82hzPescxPPhR6A=="],

    "text-no-case": ["text-no-case@1.0.2", "", { "dependencies": { "text-lower-case": "^1.0.4" } }, "sha512-D7x7uUw99DP5P28e6uugAC6JXTQDM/wWoVC0I4XSh7IdsFRYMpOHo97ARIepWY+icrBq/ewjRkcTSfbGDV6XgA=="],

    "text-param-case": ["text-param-case@1.0.2", "", { "dependencies": { "text-dot-case": "^1.0.2" } }, "sha512-expscKlHQDu/NGtIuklO278FPcnP3MPzDoTYlGl0S8kA/Zm/wOIAvy/ULpetdvCuZbLDIVQOtX9eWAyMSoWbkw=="],

    "text-pascal-case": ["text-pascal-case@1.0.3", "", { "dependencies": { "text-no-case": "^1.0.2" } }, "sha512-aiIz2RMA8D/j7TsfwpZVBDXUgXAcl2m1vGKfhpDQTQ7UnbVfI7B6BUQwi6FdDKSO/Z2rVv+JxcaFN4al+TnEsQ=="],

    "text-path-case": ["text-path-case@1.0.2", "", { "dependencies": { "text-dot-case": "^1.0.2" } }, "sha512-dCFWFqJSAYE8JGIWfA8TyeBUoxnSw/fUtRFgQH7PNJ+9YqLcuq3VrDB5i9iOPmoKphY1HnRGp4cbTDF6yGjlcQ=="],

    "text-sentence-case": ["text-sentence-case@1.0.2", "", { "dependencies": { "text-no-case": "^1.0.2", "text-upper-case-first": "^1.0.2" } }, "sha512-GmZbfwaF3u/OEZACC5gMP9XvgwWa9yzGQ99JL74yAuUWWtHaIs40IMGm6lC8ZNgEdG4sSV0JYPf7rFTK2VZOZg=="],

    "text-snake-case": ["text-snake-case@1.0.2", "", { "dependencies": { "text-dot-case": "^1.0.2" } }, "sha512-Uv58tiL7yHoBk/9uqDJsp4+hYwXlH7lvyVVsR/09DJ1nlhG1qVAZD5hPY5L6LaAItVmaeJ460iO9Fc09fQ/zLg=="],

    "text-swap-case": ["text-swap-case@1.0.2", "", {}, "sha512-kJ40VU8PatEAF7b3fxs8a0vK4ByGl1W6sKcu+lARZBoUmChCtNXLRJY8vl3kls+EkWT37iAXSQNVeWoWwbkQ2g=="],

    "text-title-case": ["text-title-case@1.0.2", "", {}, "sha512-GyS5mayONs9ZZHMYDjZm6kxfoLOq7KiacC+DasUXrHzlzzQViUaNH0yvBdLtc2Kjs4CVGDDjipLVCJGLJ7bOfA=="],

    "text-upper-case": ["text-upper-case@1.0.2", "", {}, "sha512-1YT5Y+gCOskZOGPVQW2xAGsSDlItHJoFVCVviObJAPv7Qdedf8sCHCKrz0hG15uzF8IQsiJz5PJZUMNwpuNmmA=="],

    "text-upper-case-first": ["text-upper-case-first@1.0.2", "", {}, "sha512-/8IAqNltnOZixqKMFn34NQoHcq5Mek/zqXzMQyLeY/5oQK+3ibYseRDHNnrdqx2r8Uiyf/KyVe8PHQFL+yAtlg=="],

    "typescript": ["typescript@5.8.2", "", { "bin": { "tsc": "bin/tsc", "tsserver": "bin/tsserver" } }, "sha512-aJn6wq13/afZp/jT9QZmwEjDqqvSGp1VT5GVg+f/t6/oVyrgXM6BY1h9BRh/O5p3PlUPAe+WuiEZOmb/49RqoQ=="],

    "undici-types": ["undici-types@6.20.0", "", {}, "sha512-Ny6QZ2Nju20vw1SRHe3d9jVu6gJ+4e3+MMpqu7pqE5HT6WsTSlce++GQmK5UXS8mzV8DSYHrQH+Xrf2jVcuKNg=="],
  }
}
