{
  "lockfileVersion": 1,
  "configVersion": 0,
  "workspaces": {
    "": {
      "name": "dozen",
      "dependencies": {
        "@fastify/deepmerge": "^3.1.0",
        "@standard-schema/spec": "^1.0.0",
        "chokidar": "^4.0.3",
        "json5": "^2.2.3",
        "mime": "^4.0.7",
        "parse-gitignore": "^2.0.0",
        "text-case": "^1.0.9",
      },
      "devDependencies": {
        "@biomejs/biome": "^2.3.9",
        "@types/bun": "^1.2.8",
        "@types/node": "^22.13.10",
        "@types/parse-gitignore": "^1.0.2",
        "rimraf": "^6.0.1",
        "typescript": "^5.8.2",
        "zod": "^4.3.5",
      },
    },
  },
  "packages": {
    "@biomejs/biome": ["@biomejs/biome@2.3.11", "", { "optionalDependencies": { "@biomejs/cli-darwin-arm64": "2.3.11", "@biomejs/cli-darwin-x64": "2.3.11", "@biomejs/cli-linux-arm64": "2.3.11", "@biomejs/cli-linux-arm64-musl": "2.3.11", "@biomejs/cli-linux-x64": "2.3.11", "@biomejs/cli-linux-x64-musl": "2.3.11", "@biomejs/cli-win32-arm64": "2.3.11", "@biomejs/cli-win32-x64": "2.3.11" }, "bin": { "biome": "bin/biome" } }, "sha512-/zt+6qazBWguPG6+eWmiELqO+9jRsMZ/DBU3lfuU2ngtIQYzymocHhKiZRyrbra4aCOoyTg/BmY+6WH5mv9xmQ=="],

    "@biomejs/cli-darwin-arm64": ["@biomejs/cli-darwin-arm64@2.3.11", "", { "os": "darwin", "cpu": "arm64" }, "sha512-/uXXkBcPKVQY7rc9Ys2CrlirBJYbpESEDme7RKiBD6MmqR2w3j0+ZZXRIL2xiaNPsIMMNhP1YnA+jRRxoOAFrA=="],

    "@biomejs/cli-darwin-x64": ["@biomejs/cli-darwin-x64@2.3.11", "", { "os": "darwin", "cpu": "x64" }, "sha512-fh7nnvbweDPm2xEmFjfmq7zSUiox88plgdHF9OIW4i99WnXrAC3o2P3ag9judoUMv8FCSUnlwJCM1B64nO5Fbg=="],

    "@biomejs/cli-linux-arm64": ["@biomejs/cli-linux-arm64@2.3.11", "", { "os": "linux", "cpu": "arm64" }, "sha512-l4xkGa9E7Uc0/05qU2lMYfN1H+fzzkHgaJoy98wO+b/7Gl78srbCRRgwYSW+BTLixTBrM6Ede5NSBwt7rd/i6g=="],

    "@biomejs/cli-linux-arm64-musl": ["@biomejs/cli-linux-arm64-musl@2.3.11", "", { "os": "linux", "cpu": "arm64" }, "sha512-XPSQ+XIPZMLaZ6zveQdwNjbX+QdROEd1zPgMwD47zvHV+tCGB88VH+aynyGxAHdzL+Tm/+DtKST5SECs4iwCLg=="],

    "@biomejs/cli-linux-x64": ["@biomejs/cli-linux-x64@2.3.11", "", { "os": "linux", "cpu": "x64" }, "sha512-/1s9V/H3cSe0r0Mv/Z8JryF5x9ywRxywomqZVLHAoa/uN0eY7F8gEngWKNS5vbbN/BsfpCG5yeBT5ENh50Frxg=="],

    "@biomejs/cli-linux-x64-musl": ["@biomejs/cli-linux-x64-musl@2.3.11", "", { "os": "linux", "cpu": "x64" }, "sha512-vU7a8wLs5C9yJ4CB8a44r12aXYb8yYgBn+WeyzbMjaCMklzCv1oXr8x+VEyWodgJt9bDmhiaW/I0RHbn7rsNmw=="],

    "@biomejs/cli-win32-arm64": ["@biomejs/cli-win32-arm64@2.3.11", "", { "os": "win32", "cpu": "arm64" }, "sha512-PZQ6ElCOnkYapSsysiTy0+fYX+agXPlWugh6+eQ6uPKI3vKAqNp6TnMhoM3oY2NltSB89hz59o8xIfOdyhi9Iw=="],

    "@biomejs/cli-win32-x64": ["@biomejs/cli-win32-x64@2.3.11", "", { "os": "win32", "cpu": "x64" }, "sha512-43VrG813EW+b5+YbDbz31uUsheX+qFKCpXeY9kfdAx+ww3naKxeVkTD9zLIWxUPfJquANMHrmW3wbe/037G0Qg=="],

    "@fastify/deepmerge": ["@fastify/deepmerge@3.1.0", "", {}, "sha512-lCVONBQINyNhM6LLezB6+2afusgEYR4G8xenMsfe+AT+iZ7Ca6upM5Ha8UkZuYSnuMw3GWl/BiPXnLMi/gSxuQ=="],

    "@isaacs/balanced-match": ["@isaacs/balanced-match@4.0.1", "", {}, "sha512-yzMTt9lEb8Gv7zRioUilSglI0c0smZ9k5D65677DLWLtWJaXIS3CqcGyUFByYKlnUj6TkjLVs54fBl6+TiGQDQ=="],

    "@isaacs/brace-expansion": ["@isaacs/brace-expansion@5.0.0", "", { "dependencies": { "@isaacs/balanced-match": "^4.0.1" } }, "sha512-ZT55BDLV0yv0RBm2czMiZ+SqCGO7AvmOM3G/w2xhVPH+te0aKgFjmBvGlL1dH+ql2tgGO3MVrbb3jCKyvpgnxA=="],

    "@standard-schema/spec": ["@standard-schema/spec@1.1.0", "", {}, "sha512-l2aFy5jALhniG5HgqrD6jXLi/rUWrKvqN/qJx6yoJsgKhblVd+iqqU4RCXavm/jPityDo5TCvKMnpjKnOriy0w=="],

    "@types/bun": ["@types/bun@1.3.6", "", { "dependencies": { "bun-types": "1.3.6" } }, "sha512-uWCv6FO/8LcpREhenN1d1b6fcspAB+cefwD7uti8C8VffIv0Um08TKMn98FynpTiU38+y2dUO55T11NgDt8VAA=="],

    "@types/node": ["@types/node@22.19.6", "", { "dependencies": { "undici-types": "~6.21.0" } }, "sha512-qm+G8HuG6hOHQigsi7VGuLjUVu6TtBo/F05zvX04Mw2uCg9Dv0Qxy3Qw7j41SidlTcl5D/5yg0SEZqOB+EqZnQ=="],

    "@types/parse-gitignore": ["@types/parse-gitignore@1.0.2", "", { "dependencies": { "@types/node": "*" } }, "sha512-AQwj+lNTWI7y1kkMe8qLByiToXoXs/du70qGFIHJZaJUVrF5jB8QzvWmLyR1VWYqRagpY8ABrqAjs7uHsJnVBQ=="],

    "bun-types": ["bun-types@1.3.6", "", { "dependencies": { "@types/node": "*" } }, "sha512-OlFwHcnNV99r//9v5IIOgQ9Uk37gZqrNMCcqEaExdkVq3Avwqok1bJFmvGMCkCE0FqzdY8VMOZpfpR3lwI+CsQ=="],

    "chokidar": ["chokidar@4.0.3", "", { "dependencies": { "readdirp": "^4.0.1" } }, "sha512-Qgzu8kfBvo+cA4962jnP1KkS6Dop5NS6g7R5LFYJr4b8Ub94PPQXUksCw9PvXoeXPRRddRNC5C1JQUR2SMGtnA=="],

    "glob": ["glob@13.0.0", "", { "dependencies": { "minimatch": "^10.1.1", "minipass": "^7.1.2", "path-scurry": "^2.0.0" } }, "sha512-tvZgpqk6fz4BaNZ66ZsRaZnbHvP/jG3uKJvAZOwEVUL4RTA5nJeeLYfyN9/VA8NX/V3IBG+hkeuGpKjvELkVhA=="],

    "json5": ["json5@2.2.3", "", { "bin": { "json5": "lib/cli.js" } }, "sha512-XmOWe7eyHYH14cLdVPoyg+GOH3rYX++KpzrylJwSW98t3Nk+U8XOl8FWKOgwtzdb8lXGf6zYwDUzeHMWfxasyg=="],

    "lru-cache": ["lru-cache@11.1.0", "", {}, "sha512-QIXZUBJUx+2zHUdQujWejBkcD9+cs94tLn0+YL8UrCh+D5sCXZ4c7LaEH48pNwRY3MLDgqUFyhlCyjJPf1WP0A=="],

    "mime": ["mime@4.1.0", "", { "bin": { "mime": "bin/cli.js" } }, "sha512-X5ju04+cAzsojXKes0B/S4tcYtFAJ6tTMuSPBEn9CPGlrWr8Fiw7qYeLT0XyH80HSoAoqWCaz+MWKh22P7G1cw=="],

    "minimatch": ["minimatch@10.1.1", "", { "dependencies": { "@isaacs/brace-expansion": "^5.0.0" } }, "sha512-enIvLvRAFZYXJzkCYG5RKmPfrFArdLv+R+lbQ53BmIMLIry74bjKzX6iHAm8WYamJkhSSEabrWN5D97XnKObjQ=="],

    "minipass": ["minipass@7.1.2", "", {}, "sha512-qOOzS1cBTWYF4BH8fVePDBOO9iptMnGUEZwNc/cMWnTV2nVLZ7VoNWEPHkYczZA0pdoA7dl6e7FL659nX9S2aw=="],

    "package-json-from-dist": ["package-json-from-dist@1.0.1", "", {}, "sha512-UEZIS3/by4OC8vL3P2dTXRETpebLI2NiI5vIrjaD/5UtrkFX/tNbwjTSRAGC/+7CAo2pIcBaRgWmcBBHcsaCIw=="],

    "parse-gitignore": ["parse-gitignore@2.0.0", "", {}, "sha512-RmVuCHWsfu0QPNW+mraxh/xjQVw/lhUCUru8Zni3Ctq3AoMhpDTq0OVdKS6iesd6Kqb7viCV3isAL43dciOSog=="],

    "path-scurry": ["path-scurry@2.0.0", "", { "dependencies": { "lru-cache": "^11.0.0", "minipass": "^7.1.2" } }, "sha512-ypGJsmGtdXUOeM5u93TyeIEfEhM6s+ljAhrk5vAvSx8uyY/02OvrZnA0YNGUrPXfpJMgI1ODd3nwz8Npx4O4cg=="],

    "readdirp": ["readdirp@4.1.2", "", {}, "sha512-GDhwkLfywWL2s6vEjyhri+eXmfH6j1L7JE27WhqLeYzoh/A3DBaYGEj2H/HFZCn/kMfim73FXxEJTw06WtxQwg=="],

    "rimraf": ["rimraf@6.1.2", "", { "dependencies": { "glob": "^13.0.0", "package-json-from-dist": "^1.0.1" }, "bin": { "rimraf": "dist/esm/bin.mjs" } }, "sha512-cFCkPslJv7BAXJsYlK1dZsbP8/ZNLkCAQ0bi1hf5EKX2QHegmDFEFA6QhuYJlk7UDdc+02JjO80YSOrWPpw06g=="],

    "text-camel-case": ["text-camel-case@1.2.9", "", { "dependencies": { "text-pascal-case": "1.2.9" } }, "sha512-wKYs9SgRxYizJE1mneR7BbLNlGw2IYzJAS8XwkWIry0CTbO1gvvPkFsx5Z1/hr+VqUaBqx9q3yKd30HpZLdMsQ=="],

    "text-capital-case": ["text-capital-case@1.2.9", "", { "dependencies": { "text-no-case": "1.2.9", "text-upper-case-first": "1.2.9" } }, "sha512-X5zV8U8pxtq2xS2t46lgAWqZdDbgWMKq03MQSNwY2CJdQCsdTNh144E2Q/q9wBxWzSBUXn+jRc9kF+Gs8/pGhA=="],

    "text-case": ["text-case@1.2.9", "", { "dependencies": { "text-camel-case": "1.2.9", "text-capital-case": "1.2.9", "text-constant-case": "1.2.9", "text-dot-case": "1.2.9", "text-header-case": "1.2.9", "text-is-lower-case": "1.2.9", "text-is-upper-case": "1.2.9", "text-kebab-case": "1.2.9", "text-lower-case": "1.2.9", "text-lower-case-first": "1.2.9", "text-no-case": "1.2.9", "text-param-case": "1.2.9", "text-pascal-case": "1.2.9", "text-path-case": "1.2.9", "text-sentence-case": "1.2.9", "text-snake-case": "1.2.9", "text-swap-case": "1.2.9", "text-title-case": "1.2.9", "text-upper-case": "1.2.9", "text-upper-case-first": "1.2.9" } }, "sha512-zZVdA8rMcjx9zhekdUuOPZShc25UTV7W8/ddKbgbPtfCEvIiToPtWiSd2lXLSuiGMovNhJ4+Tw49xll9o9ts+Q=="],

    "text-constant-case": ["text-constant-case@1.2.9", "", { "dependencies": { "text-no-case": "1.2.9", "text-upper-case": "1.2.9" } }, "sha512-Vosm6nC7Gag+JFakJHwqS9AXRNgl07j5KZ7srU9cYuKRzYwrxzeJ4RpEogRBNHw7CfmOm0j5FGEznblWtu7pIw=="],

    "text-dot-case": ["text-dot-case@1.2.9", "", { "dependencies": { "text-no-case": "1.2.9" } }, "sha512-N83hsnvGdSO9q9AfNSB9Cy1LFDNN2MCx53LcxtaPoDWPUTk47fv0JlvIY1tgY0wyzCiThF03kVj3jworvAOScA=="],

    "text-header-case": ["text-header-case@1.2.9", "", { "dependencies": { "text-capital-case": "1.2.9" } }, "sha512-TqryEKcYisQAfWLbtT3xPnZlMZ/mySO1uS+LUg+B0eNuqgETrSzVpXIUj5E6Zf/EyJHgpZf4VndbAXtOMJuT4w=="],

    "text-is-lower-case": ["text-is-lower-case@1.2.9", "", {}, "sha512-cEurrWSnYVYqL8FSwl5cK4mdfqF7qNDCcKJgXI3NnfTesiB8umxAhdlQoErrRYI1xEvYr2WN0MI333EehUhQjg=="],

    "text-is-upper-case": ["text-is-upper-case@1.2.9", "", {}, "sha512-HxsWr3VCsXXiLlhD0c+Ey+mS2lOTCiSJbkepjaXNHl2bp33KiscQaiG0qLwQmmpZQm4SJCg2s9FkndxS0RNDLQ=="],

    "text-kebab-case": ["text-kebab-case@1.2.9", "", { "dependencies": { "text-no-case": "1.2.9" } }, "sha512-nOUyNR5Ej2B9D/wyyXfwUEv26+pQuOb1pEX+ojE37mCIWo8QeOxw5y6nxuqDmG7NrEPzbO6265UMV+EICH13Cw=="],

    "text-lower-case": ["text-lower-case@1.2.9", "", {}, "sha512-53AOnDrhPpiAUQkgY1SHleKUXp/u7GsqRX13NcCREZscmtjLLJ099uxMRjkK7q2KwHkFYVPl9ytkQlTkTQLS0w=="],

    "text-lower-case-first": ["text-lower-case-first@1.2.9", "", {}, "sha512-iiphHTV7PVH0MljrEQUA9iBE7jfDpXoi4RQju3WzZU3BRVbS6540cNZgxR19hWa0z6z/7cJTH0Ls9LPBaiUfKg=="],

    "text-no-case": ["text-no-case@1.2.9", "", { "dependencies": { "text-lower-case": "1.2.9" } }, "sha512-IcCt328KaapimSrytP4ThfC8URmHZb2DgOqCL9BYvGjpxY2lDiqCkIQk9sClZtwcELs2gTnq83a7jNc573FTLA=="],

    "text-param-case": ["text-param-case@1.2.9", "", { "dependencies": { "text-dot-case": "1.2.9" } }, "sha512-nR/Ju9amY3aQS1en2CUCgqN/ZiZIVdDyjlJ3xX5J92ChBevGuA4o9K10fh3JGMkbzK97Vcb+bWQJ4Q+Svz+GyQ=="],

    "text-pascal-case": ["text-pascal-case@1.2.9", "", { "dependencies": { "text-no-case": "1.2.9" } }, "sha512-o6ZxMGjWDTUW54pcghpXes+C2PqbYRMdU5mHrIhueb6z6nq1NueiIOeCUdrSjN/3wXfhCmnFjK7/d9aRGZNqSg=="],

    "text-path-case": ["text-path-case@1.2.9", "", { "dependencies": { "text-dot-case": "1.2.9" } }, "sha512-s8cJ6r5TkJp5ticXMgtxd7f12odEN4d1CfX5u4aoz6jcUtBR2lDqzIhVimkqWFMJ4UKPSrmilUha8Xc2BPi+ow=="],

    "text-sentence-case": ["text-sentence-case@1.2.9", "", { "dependencies": { "text-no-case": "1.2.9", "text-upper-case-first": "1.2.9" } }, "sha512-/G/Yi5kZfUa1edFRV4O3lGZAkbDZTFvlwW8CYfH7szkEGe2k2MYEYbOyAkGRVQEGV6V6JiuUAaP3VS9c1tB6nQ=="],

    "text-snake-case": ["text-snake-case@1.2.9", "", { "dependencies": { "text-dot-case": "1.2.9" } }, "sha512-+ZrqK19ynF/TLQZ7ynqVrL2Dy04uu9syYZwsm8PhzUdsY3XrwPy6QiRqhIEFqhyWbShPcfyfmheer5UEQqFxlw=="],

    "text-swap-case": ["text-swap-case@1.2.9", "", {}, "sha512-g5fp12ldktYKK9wdHRMvvtSCQrZYNv/D+ZGLumDsvAY4q9T5bCMO2IWMkIP1F5gVQrysdHH6Xv877P/pjUq1iw=="],

    "text-title-case": ["text-title-case@1.2.9", "", { "dependencies": { "text-no-case": "1.2.9", "text-upper-case-first": "1.2.9" } }, "sha512-RAtC9cdmPp41ns5/HXZBsaQg71BsHT7uZpj2ojTtuFa8o2dNuRYYOrSmy5YdLRIAJQ6WK5hQVpV3jHuq7a+4Tw=="],

    "text-upper-case": ["text-upper-case@1.2.9", "", {}, "sha512-K/0DNT7a4z8eah2spARtoJllTZyrNTo6Uc0ujhN/96Ir9uJ/slpahfs13y46H9osL3daaLl3O7iXOkW4xtX6bg=="],

    "text-upper-case-first": ["text-upper-case-first@1.2.9", "", {}, "sha512-wEDD1B6XqJmEV+xEnBJd+2sBCHZ+7fvA/8Rv/o8+dAsp05YWjYP/kjB8sPH6zqzW0s6jtehIg4IlcKjcYxk2CQ=="],

    "typescript": ["typescript@5.9.3", "", { "bin": { "tsc": "bin/tsc", "tsserver": "bin/tsserver" } }, "sha512-jl1vZzPDinLr9eUt3J/t7V6FgNEw9QjvBPdysz9KfQDD41fQrC2Y4vKQdiaUpFT4bXlb1RHhLpp8wtm6M5TgSw=="],

    "undici-types": ["undici-types@6.21.0", "", {}, "sha512-iwDZqg0QAGrg9Rav5H4n0M64c3mkR59cJ6wQp+7C4nI0gsmExaedaYLNO44eT4AtBBwjbTiGPMlt2Md0T9H9JQ=="],

    "zod": ["zod@4.3.5", "", {}, "sha512-k7Nwx6vuWx1IJ9Bjuf4Zt1PEllcwe7cls3VNzm4CQ1/hgtFUK2bRNG3rvnpPUhFjmqJKAKtjV576KnUkHocg/g=="],

    "@types/parse-gitignore/@types/node": ["@types/node@22.13.10", "", { "dependencies": { "undici-types": "~6.20.0" } }, "sha512-I6LPUvlRH+O6VRUqYOcMudhaIdUVWfsjnZavnsraHvpBwaEyMN29ry+0UVJhImYL16xsscu0aske3yA+uPOWfw=="],

    "@types/parse-gitignore/@types/node/undici-types": ["undici-types@6.20.0", "", {}, "sha512-Ny6QZ2Nju20vw1SRHe3d9jVu6gJ+4e3+MMpqu7pqE5HT6WsTSlce++GQmK5UXS8mzV8DSYHrQH+Xrf2jVcuKNg=="],
  }
}
